
Microsoft Visual Studio Solution File, Format Version 12.00
# Visual Studio Version 17
VisualStudioVersion = 17.6.33801.468
MinimumVisualStudioVersion = 10.0.40219.1
Project("{FAE04EC0-301F-11D3-BF4B-00C04F79EFBC}") = "material_03_task2", "material_03_task2.csproj", "{527645A5-5106-44B7-85AF-52431B6CA3F2}"
EndProject
Global
	GlobalSection(SolutionConfigurationPlatforms) = preSolution
		Debug|Any CPU = Debug|Any CPU
		Release|Any CPU = Release|Any CPU
	EndGlobalSection
	GlobalSection(ProjectConfigurationPlatforms) = postSolution
		{527645A5-5106-44B7-85AF-52431B6CA3F2}.Debug|Any CPU.ActiveCfg = Debug|Any CPU
		{527645A5-5106-44B7-85AF-52431B6CA3F2}.Debug|Any CPU.Build.0 = Debug|Any CPU
		{527645A5-5106-44B7-85AF-52431B6CA3F2}.Release|Any CPU.ActiveCfg = Release|Any CPU
		{527645A5-5106-44B7-85AF-52431B6CA3F2}.Release|Any CPU.Build.0 = Release|Any CPU
	EndGlobalSection
	GlobalSection(SolutionProperties) = preSolution
		HideSolutionNode = FALSE
	EndGlobalSection
	GlobalSection(ExtensibilityGlobals) = postSolution
		SolutionGuid = {BD8A73A3-A9D4-457C-AA44-57F581FEA2A0}
	EndGlobalSection
EndGlobal
