
Microsoft Visual Studio Solution File, Format Version 12.00
# Visual Studio Version 17
VisualStudioVersion = 17.6.33801.468
MinimumVisualStudioVersion = 10.0.40219.1
Project("{9A19103F-16F7-4668-BE54-9A1E7A4F7556}") = "hw_05_task1_magazine", "hw_05_task1_magazine.csproj", "{E358ECC2-36FD-44EF-BC7A-2FB954833F6D}"
EndProject
Global
	GlobalSection(SolutionConfigurationPlatforms) = preSolution
		Debug|Any CPU = Debug|Any CPU
		Release|Any CPU = Release|Any CPU
	EndGlobalSection
	GlobalSection(ProjectConfigurationPlatforms) = postSolution
		{E358ECC2-36FD-44EF-BC7A-2FB954833F6D}.Debug|Any CPU.ActiveCfg = Debug|Any CPU
		{E358ECC2-36FD-44EF-BC7A-2FB954833F6D}.Debug|Any CPU.Build.0 = Debug|Any CPU
		{E358ECC2-36FD-44EF-BC7A-2FB954833F6D}.Release|Any CPU.ActiveCfg = Release|Any CPU
		{E358ECC2-36FD-44EF-BC7A-2FB954833F6D}.Release|Any CPU.Build.0 = Release|Any CPU
	EndGlobalSection
	GlobalSection(SolutionProperties) = preSolution
		HideSolutionNode = FALSE
	EndGlobalSection
	GlobalSection(ExtensibilityGlobals) = postSolution
		SolutionGuid = {0BC7C0EE-ED55-4350-9C35-E7242BE6816F}
	EndGlobalSection
EndGlobal
