
Microsoft Visual Studio Solution File, Format Version 12.00
# Visual Studio Version 17
VisualStudioVersion = 17.6.33801.468
MinimumVisualStudioVersion = 10.0.40219.1
Project("{FAE04EC0-301F-11D3-BF4B-00C04F79EFBC}") = "material_03_task3", "material_03_task3.csproj", "{51E39804-2CE6-4AAF-938D-0F4968A3CE68}"
EndProject
Global
	GlobalSection(SolutionConfigurationPlatforms) = preSolution
		Debug|Any CPU = Debug|Any CPU
		Release|Any CPU = Release|Any CPU
	EndGlobalSection
	GlobalSection(ProjectConfigurationPlatforms) = postSolution
		{51E39804-2CE6-4AAF-938D-0F4968A3CE68}.Debug|Any CPU.ActiveCfg = Debug|Any CPU
		{51E39804-2CE6-4AAF-938D-0F4968A3CE68}.Debug|Any CPU.Build.0 = Debug|Any CPU
		{51E39804-2CE6-4AAF-938D-0F4968A3CE68}.Release|Any CPU.ActiveCfg = Release|Any CPU
		{51E39804-2CE6-4AAF-938D-0F4968A3CE68}.Release|Any CPU.Build.0 = Release|Any CPU
	EndGlobalSection
	GlobalSection(SolutionProperties) = preSolution
		HideSolutionNode = FALSE
	EndGlobalSection
	GlobalSection(ExtensibilityGlobals) = postSolution
		SolutionGuid = {99C41EF3-34F8-4B84-8A84-35FA2F0B40CF}
	EndGlobalSection
EndGlobal
