
Microsoft Visual Studio Solution File, Format Version 12.00
# Visual Studio Version 17
VisualStudioVersion = 17.5.33516.290
MinimumVisualStudioVersion = 10.0.40219.1
Project("{FAE04EC0-301F-11D3-BF4B-00C04F79EFBC}") = "hw_01_task5", "hw_01_task5.csproj", "{16BEB079-FF7E-4A9F-8720-F0A7E3445998}"
EndProject
Global
	GlobalSection(SolutionConfigurationPlatforms) = preSolution
		Debug|Any CPU = Debug|Any CPU
		Release|Any CPU = Release|Any CPU
	EndGlobalSection
	GlobalSection(ProjectConfigurationPlatforms) = postSolution
		{16BEB079-FF7E-4A9F-8720-F0A7E3445998}.Debug|Any CPU.ActiveCfg = Debug|Any CPU
		{16BEB079-FF7E-4A9F-8720-F0A7E3445998}.Debug|Any CPU.Build.0 = Debug|Any CPU
		{16BEB079-FF7E-4A9F-8720-F0A7E3445998}.Release|Any CPU.ActiveCfg = Release|Any CPU
		{16BEB079-FF7E-4A9F-8720-F0A7E3445998}.Release|Any CPU.Build.0 = Release|Any CPU
	EndGlobalSection
	GlobalSection(SolutionProperties) = preSolution
		HideSolutionNode = FALSE
	EndGlobalSection
	GlobalSection(ExtensibilityGlobals) = postSolution
		SolutionGuid = {79BDDD35-2394-4579-9E29-E2077EFFAD46}
	EndGlobalSection
EndGlobal
