
Microsoft Visual Studio Solution File, Format Version 12.00
# Visual Studio Version 17
VisualStudioVersion = 17.6.33801.468
MinimumVisualStudioVersion = 10.0.40219.1
Project("{FAE04EC0-301F-11D3-BF4B-00C04F79EFBC}") = "hw_03_task4", "hw_03_task4.csproj", "{9E9BE957-4556-4325-BE22-E45B23D07A25}"
EndProject
Global
	GlobalSection(SolutionConfigurationPlatforms) = preSolution
		Debug|Any CPU = Debug|Any CPU
		Release|Any CPU = Release|Any CPU
	EndGlobalSection
	GlobalSection(ProjectConfigurationPlatforms) = postSolution
		{9E9BE957-4556-4325-BE22-E45B23D07A25}.Debug|Any CPU.ActiveCfg = Debug|Any CPU
		{9E9BE957-4556-4325-BE22-E45B23D07A25}.Debug|Any CPU.Build.0 = Debug|Any CPU
		{9E9BE957-4556-4325-BE22-E45B23D07A25}.Release|Any CPU.ActiveCfg = Release|Any CPU
		{9E9BE957-4556-4325-BE22-E45B23D07A25}.Release|Any CPU.Build.0 = Release|Any CPU
	EndGlobalSection
	GlobalSection(SolutionProperties) = preSolution
		HideSolutionNode = FALSE
	EndGlobalSection
	GlobalSection(ExtensibilityGlobals) = postSolution
		SolutionGuid = {C7E3E969-BC5B-4670-B78D-5CADBD636EE6}
	EndGlobalSection
EndGlobal
