
Microsoft Visual Studio Solution File, Format Version 12.00
# Visual Studio Version 17
VisualStudioVersion = 17.6.33801.468
MinimumVisualStudioVersion = 10.0.40219.1
Project("{FAE04EC0-301F-11D3-BF4B-00C04F79EFBC}") = "hw_02_task3", "hw_02_task3.csproj", "{2653BC50-1214-459B-B9F8-C82170544FCA}"
EndProject
Global
	GlobalSection(SolutionConfigurationPlatforms) = preSolution
		Debug|Any CPU = Debug|Any CPU
		Release|Any CPU = Release|Any CPU
	EndGlobalSection
	GlobalSection(ProjectConfigurationPlatforms) = postSolution
		{2653BC50-1214-459B-B9F8-C82170544FCA}.Debug|Any CPU.ActiveCfg = Debug|Any CPU
		{2653BC50-1214-459B-B9F8-C82170544FCA}.Debug|Any CPU.Build.0 = Debug|Any CPU
		{2653BC50-1214-459B-B9F8-C82170544FCA}.Release|Any CPU.ActiveCfg = Release|Any CPU
		{2653BC50-1214-459B-B9F8-C82170544FCA}.Release|Any CPU.Build.0 = Release|Any CPU
	EndGlobalSection
	GlobalSection(SolutionProperties) = preSolution
		HideSolutionNode = FALSE
	EndGlobalSection
	GlobalSection(ExtensibilityGlobals) = postSolution
		SolutionGuid = {9492D60C-F422-4DC2-8228-2F6B42D4856C}
	EndGlobalSection
EndGlobal
