
Microsoft Visual Studio Solution File, Format Version 12.00
# Visual Studio Version 17
VisualStudioVersion = 17.6.33801.468
MinimumVisualStudioVersion = 10.0.40219.1
Project("{9A19103F-16F7-4668-BE54-9A1E7A4F7556}") = "hw_02_task7", "hw_02_task7.csproj", "{5BD5E7BF-1723-4EDB-92AA-05418FFE01B7}"
EndProject
Global
	GlobalSection(SolutionConfigurationPlatforms) = preSolution
		Debug|Any CPU = Debug|Any CPU
		Release|Any CPU = Release|Any CPU
	EndGlobalSection
	GlobalSection(ProjectConfigurationPlatforms) = postSolution
		{5BD5E7BF-1723-4EDB-92AA-05418FFE01B7}.Debug|Any CPU.ActiveCfg = Debug|Any CPU
		{5BD5E7BF-1723-4EDB-92AA-05418FFE01B7}.Debug|Any CPU.Build.0 = Debug|Any CPU
		{5BD5E7BF-1723-4EDB-92AA-05418FFE01B7}.Release|Any CPU.ActiveCfg = Release|Any CPU
		{5BD5E7BF-1723-4EDB-92AA-05418FFE01B7}.Release|Any CPU.Build.0 = Release|Any CPU
	EndGlobalSection
	GlobalSection(SolutionProperties) = preSolution
		HideSolutionNode = FALSE
	EndGlobalSection
	GlobalSection(ExtensibilityGlobals) = postSolution
		SolutionGuid = {F4FE24A9-C117-48E0-A717-DCF0735E4DE7}
	EndGlobalSection
EndGlobal
