
Microsoft Visual Studio Solution File, Format Version 12.00
# Visual Studio Version 17
VisualStudioVersion = 17.6.33801.468
MinimumVisualStudioVersion = 10.0.40219.1
Project("{FAE04EC0-301F-11D3-BF4B-00C04F79EFBC}") = "hw_03_p1_task4_webSite", "hw_03_p1_task4_webSite.csproj", "{485ED322-29A2-4FD9-B335-A9B32AE13658}"
EndProject
Global
	GlobalSection(SolutionConfigurationPlatforms) = preSolution
		Debug|Any CPU = Debug|Any CPU
		Release|Any CPU = Release|Any CPU
	EndGlobalSection
	GlobalSection(ProjectConfigurationPlatforms) = postSolution
		{485ED322-29A2-4FD9-B335-A9B32AE13658}.Debug|Any CPU.ActiveCfg = Debug|Any CPU
		{485ED322-29A2-4FD9-B335-A9B32AE13658}.Debug|Any CPU.Build.0 = Debug|Any CPU
		{485ED322-29A2-4FD9-B335-A9B32AE13658}.Release|Any CPU.ActiveCfg = Release|Any CPU
		{485ED322-29A2-4FD9-B335-A9B32AE13658}.Release|Any CPU.Build.0 = Release|Any CPU
	EndGlobalSection
	GlobalSection(SolutionProperties) = preSolution
		HideSolutionNode = FALSE
	EndGlobalSection
	GlobalSection(ExtensibilityGlobals) = postSolution
		SolutionGuid = {C6DB869F-F4F9-45F7-9532-E1B5FA45A556}
	EndGlobalSection
EndGlobal
